
Microsoft Visual Studio Solution File, Format Version 12.00
# Visual Studio Version 17
VisualStudioVersion = 17.4.33122.133
MinimumVisualStudioVersion = 10.0.40219.1
Project("{9A19103F-16F7-4668-BE54-9A1E7A4F7556}") = "PersonalTrainerI", "PersonalTrainerI\PersonalTrainerI.csproj", "{03959A92-8058-4F06-B9A8-FAB3F4604462}"
EndProject
Global
	GlobalSection(SolutionConfigurationPlatforms) = preSolution
		Debug|Any CPU = Debug|Any CPU
		Release|Any CPU = Release|Any CPU
	EndGlobalSection
	GlobalSection(ProjectConfigurationPlatforms) = postSolution
		{03959A92-8058-4F06-B9A8-FAB3F4604462}.Debug|Any CPU.ActiveCfg = Debug|Any CPU
		{03959A92-8058-4F06-B9A8-FAB3F4604462}.Debug|Any CPU.Build.0 = Debug|Any CPU
		{03959A92-8058-4F06-B9A8-FAB3F4604462}.Release|Any CPU.ActiveCfg = Release|Any CPU
		{03959A92-8058-4F06-B9A8-FAB3F4604462}.Release|Any CPU.Build.0 = Release|Any CPU
	EndGlobalSection
	GlobalSection(SolutionProperties) = preSolution
		HideSolutionNode = FALSE
	EndGlobalSection
	GlobalSection(ExtensibilityGlobals) = postSolution
		SolutionGuid = {B6AABF26-C093-4F76-A72C-82752BA0BB51}
	EndGlobalSection
EndGlobal
